// !$*UTF8*$!
{
	archiveVersion = 1;
	classes = {
	};
	objectVersion = 56;
	objects = {

/* Begin PBXFileReference section */
		D06E330A2B8B3963004F91A3 /* its-intersect.github.io */ = {isa = PBXFileReference; lastKnownFileType = folder; name = "its-intersect.github.io"; path = ..; sourceTree = "<group>"; };
/* End PBXFileReference section */

/* Begin PBXGroup section */
		D06E33032B8B3932004F91A3 = {
			isa = PBXGroup;
			children = (
				D06E330A2B8B3963004F91A3 /* its-intersect.github.io */,
			);
			sourceTree = "<group>";
		};
/* End PBXGroup section */

/* Begin PBXProject section */
		D06E33042B8B3932004F91A3 /* Project object */ = {
			isa = PBXProject;
			attributes = {
				BuildIndependentTargetsInParallel = 1;
				LastUpgradeCheck = 1520;
			};
			buildConfigurationList = D06E33072B8B3932004F91A3 /* Build configuration list for PBXProject "github_page" */;
			compatibilityVersion = "Xcode 14.0";
			developmentRegion = en;
			hasScannedForEncodings = 0;
			knownRegions = (
				en,
				Base,
			);
			mainGroup = D06E33032B8B3932004F91A3;
			projectDirPath = "";
			projectRoot = "";
			targets = (
			);
		};
/* End PBXProject section */

/* Begin XCBuildConfiguration section */
		D06E33082B8B3932004F91A3 /* Debug */ = {
			isa = XCBuildConfiguration;
			buildSettings = {
			};
			name = Debug;
		};
		D06E33092B8B3932004F91A3 /* Release */ = {
			isa = XCBuildConfiguration;
			buildSettings = {
			};
			name = Release;
		};
/* End XCBuildConfiguration section */

/* Begin XCConfigurationList section */
		D06E33072B8B3932004F91A3 /* Build configuration list for PBXProject "github_page" */ = {
			isa = XCConfigurationList;
			buildConfigurations = (
				D06E33082B8B3932004F91A3 /* Debug */,
				D06E33092B8B3932004F91A3 /* Release */,
			);
			defaultConfigurationIsVisible = 0;
			defaultConfigurationName = Release;
		};
/* End XCConfigurationList section */
	};
	rootObject = D06E33042B8B3932004F91A3 /* Project object */;
}
